// !$*UTF8*$!
{
	archiveVersion = 1;
	classes = {
	};
	objectVersion = 77;
	objects = {

/* Begin PBXBuildFile section */
		3AB645C02EA2AEE600CAF26B /* Core in Frameworks */ = {isa = PBXBuildFile; productRef = 3AB645BF2EA2AEE600CAF26B /* Core */; };
		3AB645C22EA2AEE900CAF26B /* Home in Frameworks */ = {isa = PBXBuildFile; productRef = 3AB645C12EA2AEE900CAF26B /* Home */; };
		3AB645C42EA2AEEB00CAF26B /* Infrastructure in Frameworks */ = {isa = PBXBuildFile; productRef = 3AB645C32EA2AEEB00CAF26B /* Infrastructure */; };
		3AB645C72EA2B97B00CAF26B /* Swinject in Frameworks */ = {isa = PBXBuildFile; productRef = 3AB645C62EA2B97B00CAF26B /* Swinject */; };
		3AD398C02EA6B4F000FF0CB5 /* PullRequests in Frameworks */ = {isa = PBXBuildFile; productRef = 3AD398BF2EA6B4F000FF0CB5 /* PullRequests */; };
/* End PBXBuildFile section */

/* Begin PBXContainerItemProxy section */
		3AB645802EA28C7800CAF26B /* PBXContainerItemProxy */ = {
			isa = PBXContainerItemProxy;
			containerPortal = 3AB645612EA28C7600CAF26B /* Project object */;
			proxyType = 1;
			remoteGlobalIDString = 3AB645682EA28C7600CAF26B;
			remoteInfo = SwiftHub;
		};
/* End PBXContainerItemProxy section */

/* Begin PBXFileReference section */
		3AB645692EA28C7600CAF26B /* SwiftHub.app */ = {isa = PBXFileReference; explicitFileType = wrapper.application; includeInIndex = 0; path = SwiftHub.app; sourceTree = BUILT_PRODUCTS_DIR; };
		3AB6457F2EA28C7800CAF26B /* SwiftHubTests.xctest */ = {isa = PBXFileReference; explicitFileType = wrapper.cfbundle; includeInIndex = 0; path = SwiftHubTests.xctest; sourceTree = BUILT_PRODUCTS_DIR; };
/* End PBXFileReference section */

/* Begin PBXFileSystemSynchronizedBuildFileExceptionSet section */
		3AB645912EA28C7800CAF26B /* Exceptions for "SwiftHub" folder in "SwiftHub" target */ = {
			isa = PBXFileSystemSynchronizedBuildFileExceptionSet;
			membershipExceptions = (
				Info.plist,
				Modules/Core,
				Modules/Home,
				Modules/Infrastructure,
				Modules/PullRequests,
				Modules/UI,
			);
			target = 3AB645682EA28C7600CAF26B /* SwiftHub */;
		};
/* End PBXFileSystemSynchronizedBuildFileExceptionSet section */

/* Begin PBXFileSystemSynchronizedRootGroup section */
		3AB6456B2EA28C7600CAF26B /* SwiftHub */ = {
			isa = PBXFileSystemSynchronizedRootGroup;
			exceptions = (
				3AB645912EA28C7800CAF26B /* Exceptions for "SwiftHub" folder in "SwiftHub" target */,
			);
			path = SwiftHub;
			sourceTree = "<group>";
		};
		3AB645822EA28C7800CAF26B /* SwiftHubTests */ = {
			isa = PBXFileSystemSynchronizedRootGroup;
			path = SwiftHubTests;
			sourceTree = "<group>";
		};
		3AB6458C2EA28C7800CAF26B /* SwiftHubUITests */ = {
			isa = PBXFileSystemSynchronizedRootGroup;
			path = SwiftHubUITests;
			sourceTree = "<group>";
		};
/* End PBXFileSystemSynchronizedRootGroup section */

/* Begin PBXFrameworksBuildPhase section */
		3AB645662EA28C7600CAF26B /* Frameworks */ = {
			isa = PBXFrameworksBuildPhase;
			buildActionMask = 2147483647;
			files = (
				3AB645C02EA2AEE600CAF26B /* Core in Frameworks */,
				3AB645C22EA2AEE900CAF26B /* Home in Frameworks */,
				3AB645C42EA2AEEB00CAF26B /* Infrastructure in Frameworks */,
				3AD398C02EA6B4F000FF0CB5 /* PullRequests in Frameworks */,
				3AB645C72EA2B97B00CAF26B /* Swinject in Frameworks */,
			);
			runOnlyForDeploymentPostprocessing = 0;
		};
		3AB6457C2EA28C7800CAF26B /* Frameworks */ = {
			isa = PBXFrameworksBuildPhase;
			buildActionMask = 2147483647;
			files = (
			);
			runOnlyForDeploymentPostprocessing = 0;
		};
/* End PBXFrameworksBuildPhase section */

/* Begin PBXGroup section */
		3AB645602EA28C7600CAF26B = {
			isa = PBXGroup;
			children = (
				3AB6456B2EA28C7600CAF26B /* SwiftHub */,
				3AB645822EA28C7800CAF26B /* SwiftHubTests */,
				3AB6458C2EA28C7800CAF26B /* SwiftHubUITests */,
				3AB645BE2EA2AEE300CAF26B /* Frameworks */,
				3AB6456A2EA28C7600CAF26B /* Products */,
			);
			sourceTree = "<group>";
		};
		3AB6456A2EA28C7600CAF26B /* Products */ = {
			isa = PBXGroup;
			children = (
				3AB645692EA28C7600CAF26B /* SwiftHub.app */,
				3AB6457F2EA28C7800CAF26B /* SwiftHubTests.xctest */,
			);
			name = Products;
			sourceTree = "<group>";
		};
		3AB645BE2EA2AEE300CAF26B /* Frameworks */ = {
			isa = PBXGroup;
			children = (
			);
			name = Frameworks;
			sourceTree = "<group>";
		};
/* End PBXGroup section */

/* Begin PBXNativeTarget section */
		3AB645682EA28C7600CAF26B /* SwiftHub */ = {
			isa = PBXNativeTarget;
			buildConfigurationList = 3AB645922EA28C7800CAF26B /* Build configuration list for PBXNativeTarget "SwiftHub" */;
			buildPhases = (
				3AB645652EA28C7600CAF26B /* Sources */,
				3AB645662EA28C7600CAF26B /* Frameworks */,
				3AB645672EA28C7600CAF26B /* Resources */,
			);
			buildRules = (
			);
			dependencies = (
			);
			fileSystemSynchronizedGroups = (
				3AB6456B2EA28C7600CAF26B /* SwiftHub */,
			);
			name = SwiftHub;
			packageProductDependencies = (
				3AB645BF2EA2AEE600CAF26B /* Core */,
				3AB645C12EA2AEE900CAF26B /* Home */,
				3AB645C32EA2AEEB00CAF26B /* Infrastructure */,
				3AB645C62EA2B97B00CAF26B /* Swinject */,
				3AD398BF2EA6B4F000FF0CB5 /* PullRequests */,
			);
			productName = SwiftHub;
			productReference = 3AB645692EA28C7600CAF26B /* SwiftHub.app */;
			productType = "com.apple.product-type.application";
		};
		3AB6457E2EA28C7800CAF26B /* SwiftHubTests */ = {
			isa = PBXNativeTarget;
			buildConfigurationList = 3AB645972EA28C7800CAF26B /* Build configuration list for PBXNativeTarget "SwiftHubTests" */;
			buildPhases = (
				3AB6457B2EA28C7800CAF26B /* Sources */,
				3AB6457C2EA28C7800CAF26B /* Frameworks */,
				3AB6457D2EA28C7800CAF26B /* Resources */,
			);
			buildRules = (
			);
			dependencies = (
				3AB645812EA28C7800CAF26B /* PBXTargetDependency */,
			);
			fileSystemSynchronizedGroups = (
				3AB645822EA28C7800CAF26B /* SwiftHubTests */,
			);
			name = SwiftHubTests;
			packageProductDependencies = (
			);
			productName = SwiftHubTests;
			productReference = 3AB6457F2EA28C7800CAF26B /* SwiftHubTests.xctest */;
			productType = "com.apple.product-type.bundle.unit-test";
		};
/* End PBXNativeTarget section */

/* Begin PBXProject section */
		3AB645612EA28C7600CAF26B /* Project object */ = {
			isa = PBXProject;
			attributes = {
				BuildIndependentTargetsInParallel = 1;
				LastSwiftUpdateCheck = 2600;
				LastUpgradeCheck = 2600;
				TargetAttributes = {
					3AB645682EA28C7600CAF26B = {
						CreatedOnToolsVersion = 26.0.1;
					};
					3AB6457E2EA28C7800CAF26B = {
						CreatedOnToolsVersion = 26.0.1;
						TestTargetID = 3AB645682EA28C7600CAF26B;
					};
				};
			};
			buildConfigurationList = 3AB645642EA28C7600CAF26B /* Build configuration list for PBXProject "SwiftHub" */;
			developmentRegion = en;
			hasScannedForEncodings = 0;
			knownRegions = (
				en,
				Base,
			);
			mainGroup = 3AB645602EA28C7600CAF26B;
			minimizedProjectReferenceProxies = 1;
			packageReferences = (
				3AB645C52EA2B97B00CAF26B /* XCRemoteSwiftPackageReference "Swinject" */,
			);
			preferredProjectObjectVersion = 77;
			productRefGroup = 3AB6456A2EA28C7600CAF26B /* Products */;
			projectDirPath = "";
			projectRoot = "";
			targets = (
				3AB645682EA28C7600CAF26B /* SwiftHub */,
				3AB6457E2EA28C7800CAF26B /* SwiftHubTests */,
			);
		};
/* End PBXProject section */

/* Begin PBXResourcesBuildPhase section */
		3AB645672EA28C7600CAF26B /* Resources */ = {
			isa = PBXResourcesBuildPhase;
			buildActionMask = 2147483647;
			files = (
			);
			runOnlyForDeploymentPostprocessing = 0;
		};
		3AB6457D2EA28C7800CAF26B /* Resources */ = {
			isa = PBXResourcesBuildPhase;
			buildActionMask = 2147483647;
			files = (
			);
			runOnlyForDeploymentPostprocessing = 0;
		};
/* End PBXResourcesBuildPhase section */

/* Begin PBXSourcesBuildPhase section */
		3AB645652EA28C7600CAF26B /* Sources */ = {
			isa = PBXSourcesBuildPhase;
			buildActionMask = 2147483647;
			files = (
			);
			runOnlyForDeploymentPostprocessing = 0;
		};
		3AB6457B2EA28C7800CAF26B /* Sources */ = {
			isa = PBXSourcesBuildPhase;
			buildActionMask = 2147483647;
			files = (
			);
			runOnlyForDeploymentPostprocessing = 0;
		};
/* End PBXSourcesBuildPhase section */

/* Begin PBXTargetDependency section */
		3AB645812EA28C7800CAF26B /* PBXTargetDependency */ = {
			isa = PBXTargetDependency;
			target = 3AB645682EA28C7600CAF26B /* SwiftHub */;
			targetProxy = 3AB645802EA28C7800CAF26B /* PBXContainerItemProxy */;
		};
/* End PBXTargetDependency section */

/* Begin XCBuildConfiguration section */
		3AB645932EA28C7800CAF26B /* Debug */ = {
			isa = XCBuildConfiguration;
			buildSettings = {
				ASSETCATALOG_COMPILER_APPICON_NAME = AppIcon;
				ASSETCATALOG_COMPILER_GLOBAL_ACCENT_COLOR_NAME = AccentColor;
				CODE_SIGN_STYLE = Automatic;
				CURRENT_PROJECT_VERSION = 1;
				DEVELOPMENT_TEAM = QJ2ZJ6S67T;
				GENERATE_INFOPLIST_FILE = YES;
				INFOPLIST_FILE = SwiftHub/Info.plist;
				INFOPLIST_KEY_UIApplicationSupportsIndirectInputEvents = YES;
				INFOPLIST_KEY_UILaunchStoryboardName = LaunchScreen;
				INFOPLIST_KEY_UIMainStoryboardFile = Main;
				INFOPLIST_KEY_UISupportedInterfaceOrientations_iPad = "UIInterfaceOrientationPortrait UIInterfaceOrientationPortraitUpsideDown UIInterfaceOrientationLandscapeLeft UIInterfaceOrientationLandscapeRight";
				INFOPLIST_KEY_UISupportedInterfaceOrientations_iPhone = "UIInterfaceOrientationPortrait UIInterfaceOrientationLandscapeLeft UIInterfaceOrientationLandscapeRight";
				IPHONEOS_DEPLOYMENT_TARGET = 15.0;
				LD_RUNPATH_SEARCH_PATHS = (
					"$(inherited)",
					"@executable_path/Frameworks",
				);
				MARKETING_VERSION = 1.0;
				PRODUCT_BUNDLE_IDENTIFIER = br.com.william.SwiftHub;
				PRODUCT_NAME = "$(TARGET_NAME)";
				STRING_CATALOG_GENERATE_SYMBOLS = YES;
				SUPPORTED_PLATFORMS = "iphoneos iphonesimulator";
				SUPPORTS_MACCATALYST = NO;
				SUPPORTS_MAC_DESIGNED_FOR_IPHONE_IPAD = NO;
				SUPPORTS_XR_DESIGNED_FOR_IPHONE_IPAD = NO;
				SWIFT_APPROACHABLE_CONCURRENCY = YES;
				SWIFT_DEFAULT_ACTOR_ISOLATION = MainActor;
				SWIFT_EMIT_LOC_STRINGS = YES;
				SWIFT_UPCOMING_FEATURE_MEMBER_IMPORT_VISIBILITY = YES;
				SWIFT_VERSION = 5.0;
				TARGETED_DEVICE_FAMILY = "1,2";
			};
			name = Debug;
		};
		3AB645942EA28C7800CAF26B /* Release */ = {
			isa = XCBuildConfiguration;
			buildSettings = {
				ASSETCATALOG_COMPILER_APPICON_NAME = AppIcon;
				ASSETCATALOG_COMPILER_GLOBAL_ACCENT_COLOR_NAME = AccentColor;
				CODE_SIGN_STYLE = Automatic;
				CURRENT_PROJECT_VERSION = 1;
				DEVELOPMENT_TEAM = QJ2ZJ6S67T;
				GENERATE_INFOPLIST_FILE = YES;
				INFOPLIST_FILE = SwiftHub/Info.plist;
				INFOPLIST_KEY_UIApplicationSupportsIndirectInputEvents = YES;
				INFOPLIST_KEY_UILaunchStoryboardName = LaunchScreen;
				INFOPLIST_KEY_UIMainStoryboardFile = Main;
				INFOPLIST_KEY_UISupportedInterfaceOrientations_iPad = "UIInterfaceOrientationPortrait UIInterfaceOrientationPortraitUpsideDown UIInterfaceOrientationLandscapeLeft UIInterfaceOrientationLandscapeRight";
				INFOPLIST_KEY_UISupportedInterfaceOrientations_iPhone = "UIInterfaceOrientationPortrait UIInterfaceOrientationLandscapeLeft UIInterfaceOrientationLandscapeRight";
				IPHONEOS_DEPLOYMENT_TARGET = 15.0;
				LD_RUNPATH_SEARCH_PATHS = (
					"$(inherited)",
					"@executable_path/Frameworks",
				);
				MARKETING_VERSION = 1.0;
				PRODUCT_BUNDLE_IDENTIFIER = br.com.william.SwiftHub;
				PRODUCT_NAME = "$(TARGET_NAME)";
				STRING_CATALOG_GENERATE_SYMBOLS = YES;
				SUPPORTED_PLATFORMS = "iphoneos iphonesimulator";
				SUPPORTS_MACCATALYST = NO;
				SUPPORTS_MAC_DESIGNED_FOR_IPHONE_IPAD = NO;
				SUPPORTS_XR_DESIGNED_FOR_IPHONE_IPAD = NO;
				SWIFT_APPROACHABLE_CONCURRENCY = YES;
				SWIFT_DEFAULT_ACTOR_ISOLATION = MainActor;
				SWIFT_EMIT_LOC_STRINGS = YES;
				SWIFT_UPCOMING_FEATURE_MEMBER_IMPORT_VISIBILITY = YES;
				SWIFT_VERSION = 5.0;
				TARGETED_DEVICE_FAMILY = "1,2";
			};
			name = Release;
		};
		3AB645952EA28C7800CAF26B /* Debug */ = {
			isa = XCBuildConfiguration;
			buildSettings = {
				ALWAYS_SEARCH_USER_PATHS = NO;
				ASSETCATALOG_COMPILER_GENERATE_SWIFT_ASSET_SYMBOL_EXTENSIONS = YES;
				CLANG_ANALYZER_NONNULL = YES;
				CLANG_ANALYZER_NUMBER_OBJECT_CONVERSION = YES_AGGRESSIVE;
				CLANG_CXX_LANGUAGE_STANDARD = "gnu++20";
				CLANG_ENABLE_MODULES = YES;
				CLANG_ENABLE_OBJC_ARC = YES;
				CLANG_ENABLE_OBJC_WEAK = YES;
				CLANG_WARN_BLOCK_CAPTURE_AUTORELEASING = YES;
				CLANG_WARN_BOOL_CONVERSION = YES;
				CLANG_WARN_COMMA = YES;
				CLANG_WARN_CONSTANT_CONVERSION = YES;
				CLANG_WARN_DEPRECATED_OBJC_IMPLEMENTATIONS = YES;
				CLANG_WARN_DIRECT_OBJC_ISA_USAGE = YES_ERROR;
				CLANG_WARN_DOCUMENTATION_COMMENTS = YES;
				CLANG_WARN_EMPTY_BODY = YES;
				CLANG_WARN_ENUM_CONVERSION = YES;
				CLANG_WARN_INFINITE_RECURSION = YES;
				CLANG_WARN_INT_CONVERSION = YES;
				CLANG_WARN_NON_LITERAL_NULL_CONVERSION = YES;
				CLANG_WARN_OBJC_IMPLICIT_RETAIN_SELF = YES;
				CLANG_WARN_OBJC_LITERAL_CONVERSION = YES;
				CLANG_WARN_OBJC_ROOT_CLASS = YES_ERROR;
				CLANG_WARN_QUOTED_INCLUDE_IN_FRAMEWORK_HEADER = YES;
				CLANG_WARN_RANGE_LOOP_ANALYSIS = YES;
				CLANG_WARN_STRICT_PROTOTYPES = YES;
				CLANG_WARN_SUSPICIOUS_MOVE = YES;
				CLANG_WARN_UNGUARDED_AVAILABILITY = YES_AGGRESSIVE;
				CLANG_WARN_UNREACHABLE_CODE = YES;
				CLANG_WARN__DUPLICATE_METHOD_MATCH = YES;
				COPY_PHASE_STRIP = NO;
				DEBUG_INFORMATION_FORMAT = dwarf;
				DEVELOPMENT_TEAM = QJ2ZJ6S67T;
				ENABLE_STRICT_OBJC_MSGSEND = YES;
				ENABLE_TESTABILITY = YES;
				ENABLE_USER_SCRIPT_SANDBOXING = YES;
				GCC_C_LANGUAGE_STANDARD = gnu17;
				GCC_DYNAMIC_NO_PIC = NO;
				GCC_NO_COMMON_BLOCKS = YES;
				GCC_OPTIMIZATION_LEVEL = 0;
				GCC_PREPROCESSOR_DEFINITIONS = (
					"DEBUG=1",
					"$(inherited)",
				);
				GCC_WARN_64_TO_32_BIT_CONVERSION = YES;
				GCC_WARN_ABOUT_RETURN_TYPE = YES_ERROR;
				GCC_WARN_UNDECLARED_SELECTOR = YES;
				GCC_WARN_UNINITIALIZED_AUTOS = YES_AGGRESSIVE;
				GCC_WARN_UNUSED_FUNCTION = YES;
				GCC_WARN_UNUSED_VARIABLE = YES;
				IPHONEOS_DEPLOYMENT_TARGET = 26.0;
				LOCALIZATION_PREFERS_STRING_CATALOGS = YES;
				MTL_ENABLE_DEBUG_INFO = INCLUDE_SOURCE;
				MTL_FAST_MATH = YES;
				ONLY_ACTIVE_ARCH = YES;
				SDKROOT = iphoneos;
				SWIFT_ACTIVE_COMPILATION_CONDITIONS = "DEBUG $(inherited)";
				SWIFT_OPTIMIZATION_LEVEL = "-Onone";
			};
			name = Debug;
		};
		3AB645962EA28C7800CAF26B /* Release */ = {
			isa = XCBuildConfiguration;
			buildSettings = {
				ALWAYS_SEARCH_USER_PATHS = NO;
				ASSETCATALOG_COMPILER_GENERATE_SWIFT_ASSET_SYMBOL_EXTENSIONS = YES;
				CLANG_ANALYZER_NONNULL = YES;
				CLANG_ANALYZER_NUMBER_OBJECT_CONVERSION = YES_AGGRESSIVE;
				CLANG_CXX_LANGUAGE_STANDARD = "gnu++20";
				CLANG_ENABLE_MODULES = YES;
				CLANG_ENABLE_OBJC_ARC = YES;
				CLANG_ENABLE_OBJC_WEAK = YES;
				CLANG_WARN_BLOCK_CAPTURE_AUTORELEASING = YES;
				CLANG_WARN_BOOL_CONVERSION = YES;
				CLANG_WARN_COMMA = YES;
				CLANG_WARN_CONSTANT_CONVERSION = YES;
				CLANG_WARN_DEPRECATED_OBJC_IMPLEMENTATIONS = YES;
				CLANG_WARN_DIRECT_OBJC_ISA_USAGE = YES_ERROR;
				CLANG_WARN_DOCUMENTATION_COMMENTS = YES;
				CLANG_WARN_EMPTY_BODY = YES;
				CLANG_WARN_ENUM_CONVERSION = YES;
				CLANG_WARN_INFINITE_RECURSION = YES;
				CLANG_WARN_INT_CONVERSION = YES;
				CLANG_WARN_NON_LITERAL_NULL_CONVERSION = YES;
				CLANG_WARN_OBJC_IMPLICIT_RETAIN_SELF = YES;
				CLANG_WARN_OBJC_LITERAL_CONVERSION = YES;
				CLANG_WARN_OBJC_ROOT_CLASS = YES_ERROR;
				CLANG_WARN_QUOTED_INCLUDE_IN_FRAMEWORK_HEADER = YES;
				CLANG_WARN_RANGE_LOOP_ANALYSIS = YES;
				CLANG_WARN_STRICT_PROTOTYPES = YES;
				CLANG_WARN_SUSPICIOUS_MOVE = YES;
				CLANG_WARN_UNGUARDED_AVAILABILITY = YES_AGGRESSIVE;
				CLANG_WARN_UNREACHABLE_CODE = YES;
				CLANG_WARN__DUPLICATE_METHOD_MATCH = YES;
				COPY_PHASE_STRIP = NO;
				DEBUG_INFORMATION_FORMAT = "dwarf-with-dsym";
				DEVELOPMENT_TEAM = QJ2ZJ6S67T;
				ENABLE_NS_ASSERTIONS = NO;
				ENABLE_STRICT_OBJC_MSGSEND = YES;
				ENABLE_USER_SCRIPT_SANDBOXING = YES;
				GCC_C_LANGUAGE_STANDARD = gnu17;
				GCC_NO_COMMON_BLOCKS = YES;
				GCC_WARN_64_TO_32_BIT_CONVERSION = YES;
				GCC_WARN_ABOUT_RETURN_TYPE = YES_ERROR;
				GCC_WARN_UNDECLARED_SELECTOR = YES;
				GCC_WARN_UNINITIALIZED_AUTOS = YES_AGGRESSIVE;
				GCC_WARN_UNUSED_FUNCTION = YES;
				GCC_WARN_UNUSED_VARIABLE = YES;
				IPHONEOS_DEPLOYMENT_TARGET = 26.0;
				LOCALIZATION_PREFERS_STRING_CATALOGS = YES;
				MTL_ENABLE_DEBUG_INFO = NO;
				MTL_FAST_MATH = YES;
				SDKROOT = iphoneos;
				SWIFT_COMPILATION_MODE = wholemodule;
				VALIDATE_PRODUCT = YES;
			};
			name = Release;
		};
		3AB645982EA28C7800CAF26B /* Debug */ = {
			isa = XCBuildConfiguration;
			buildSettings = {
				BUNDLE_LOADER = "$(TEST_HOST)";
				CODE_SIGN_STYLE = Automatic;
				CURRENT_PROJECT_VERSION = 1;
				DEVELOPMENT_TEAM = QJ2ZJ6S67T;
				GENERATE_INFOPLIST_FILE = YES;
				IPHONEOS_DEPLOYMENT_TARGET = 15.0;
				MARKETING_VERSION = 1.0;
				PRODUCT_BUNDLE_IDENTIFIER = br.com.william.SwiftHubTests;
				PRODUCT_NAME = "$(TARGET_NAME)";
				STRING_CATALOG_GENERATE_SYMBOLS = NO;
				SWIFT_APPROACHABLE_CONCURRENCY = YES;
				SWIFT_EMIT_LOC_STRINGS = NO;
				SWIFT_UPCOMING_FEATURE_MEMBER_IMPORT_VISIBILITY = YES;
				SWIFT_VERSION = 5.0;
				TARGETED_DEVICE_FAMILY = "1,2";
				TEST_HOST = "$(BUILT_PRODUCTS_DIR)/SwiftHub.app/$(BUNDLE_EXECUTABLE_FOLDER_PATH)/SwiftHub";
			};
			name = Debug;
		};
		3AB645992EA28C7800CAF26B /* Release */ = {
			isa = XCBuildConfiguration;
			buildSettings = {
				BUNDLE_LOADER = "$(TEST_HOST)";
				CODE_SIGN_STYLE = Automatic;
				CURRENT_PROJECT_VERSION = 1;
				DEVELOPMENT_TEAM = QJ2ZJ6S67T;
				GENERATE_INFOPLIST_FILE = YES;
				IPHONEOS_DEPLOYMENT_TARGET = 15.0;
				MARKETING_VERSION = 1.0;
				PRODUCT_BUNDLE_IDENTIFIER = br.com.william.SwiftHubTests;
				PRODUCT_NAME = "$(TARGET_NAME)";
				STRING_CATALOG_GENERATE_SYMBOLS = NO;
				SWIFT_APPROACHABLE_CONCURRENCY = YES;
				SWIFT_EMIT_LOC_STRINGS = NO;
				SWIFT_UPCOMING_FEATURE_MEMBER_IMPORT_VISIBILITY = YES;
				SWIFT_VERSION = 5.0;
				TARGETED_DEVICE_FAMILY = "1,2";
				TEST_HOST = "$(BUILT_PRODUCTS_DIR)/SwiftHub.app/$(BUNDLE_EXECUTABLE_FOLDER_PATH)/SwiftHub";
			};
			name = Release;
		};
/* End XCBuildConfiguration section */

/* Begin XCConfigurationList section */
		3AB645642EA28C7600CAF26B /* Build configuration list for PBXProject "SwiftHub" */ = {
			isa = XCConfigurationList;
			buildConfigurations = (
				3AB645952EA28C7800CAF26B /* Debug */,
				3AB645962EA28C7800CAF26B /* Release */,
			);
			defaultConfigurationIsVisible = 0;
			defaultConfigurationName = Release;
		};
		3AB645922EA28C7800CAF26B /* Build configuration list for PBXNativeTarget "SwiftHub" */ = {
			isa = XCConfigurationList;
			buildConfigurations = (
				3AB645932EA28C7800CAF26B /* Debug */,
				3AB645942EA28C7800CAF26B /* Release */,
			);
			defaultConfigurationIsVisible = 0;
			defaultConfigurationName = Release;
		};
		3AB645972EA28C7800CAF26B /* Build configuration list for PBXNativeTarget "SwiftHubTests" */ = {
			isa = XCConfigurationList;
			buildConfigurations = (
				3AB645982EA28C7800CAF26B /* Debug */,
				3AB645992EA28C7800CAF26B /* Release */,
			);
			defaultConfigurationIsVisible = 0;
			defaultConfigurationName = Release;
		};
/* End XCConfigurationList section */

/* Begin XCRemoteSwiftPackageReference section */
		3AB645C52EA2B97B00CAF26B /* XCRemoteSwiftPackageReference "Swinject" */ = {
			isa = XCRemoteSwiftPackageReference;
			repositoryURL = "https://github.com/Swinject/Swinject";
			requirement = {
				kind = upToNextMajorVersion;
				minimumVersion = 2.10.0;
			};
		};
/* End XCRemoteSwiftPackageReference section */

/* Begin XCSwiftPackageProductDependency section */
		3AB645BF2EA2AEE600CAF26B /* Core */ = {
			isa = XCSwiftPackageProductDependency;
			productName = Core;
		};
		3AB645C12EA2AEE900CAF26B /* Home */ = {
			isa = XCSwiftPackageProductDependency;
			productName = Home;
		};
		3AB645C32EA2AEEB00CAF26B /* Infrastructure */ = {
			isa = XCSwiftPackageProductDependency;
			productName = Infrastructure;
		};
		3AB645C62EA2B97B00CAF26B /* Swinject */ = {
			isa = XCSwiftPackageProductDependency;
			package = 3AB645C52EA2B97B00CAF26B /* XCRemoteSwiftPackageReference "Swinject" */;
			productName = Swinject;
		};
		3AD398BF2EA6B4F000FF0CB5 /* PullRequests */ = {
			isa = XCSwiftPackageProductDependency;
			productName = PullRequests;
		};
/* End XCSwiftPackageProductDependency section */
	};
	rootObject = 3AB645612EA28C7600CAF26B /* Project object */;
}
